PODS:
  - DZNEmptyDataSet (1.7.2)
  - iRate (1.11.4)
  - MSDynamicsDrawerViewController (1.5.1)
  - VK-ios-sdk (1.3.4)

DEPENDENCIES:
  - DZNEmptyDataSet
  - iRate
  - MSDynamicsDrawerViewController
  - VK-ios-sdk

SPEC CHECKSUMS:
  DZNEmptyDataSet: 0ec00bfc230d7450997b60c127afdd0b9f24f3b6
  iRate: 599ed07c854e0695f3c605d1b2a64c67d912acb7
  MSDynamicsDrawerViewController: 2874df90f5e9453dc7d4e32f8038b50615d4baa7
  VK-ios-sdk: a20fbb61a1f45648fb185b77bb16f65aa735b2d6

COCOAPODS: 0.39.0
